
Microsoft Visual Studio Solution File, Format Version 12.00
# Visual Studio Version 17
VisualStudioVersion = 17.7.34031.279
MinimumVisualStudioVersion = 10.0.40219.1
Project("{FAE04EC0-301F-11D3-BF4B-00C04F79EFBC}") = "CoordinateConverter", "CoordinateConverter\CoordinateConverter.csproj", "{7D649A5E-5DCF-4219-802C-B006244FD9DD}"
EndProject
Project("{B7DD6F7E-DEF8-4E67-B5B7-07EF123DB6F0}") = "Installer", "Installer\Installer.wixproj", "{0424B4A9-FD63-4AB4-8A02-A7071BCE21DB}"
EndProject
Project("{FAE04EC0-301F-11D3-BF4B-00C04F79EFBC}") = "CustomActions", "CustomActions\CustomActions.csproj", "{DDD92444-422C-49ED-A8ED-F1E86E351F6F}"
EndProject
Global
	GlobalSection(SolutionConfigurationPlatforms) = preSolution
		Debug|Any CPU = Debug|Any CPU
		Debug|ARM64 = Debug|ARM64
		Debug|x64 = Debug|x64
		Debug|x86 = Debug|x86
		Release|Any CPU = Release|Any CPU
		Release|ARM64 = Release|ARM64
		Release|x64 = Release|x64
		Release|x86 = Release|x86
	EndGlobalSection
	GlobalSection(ProjectConfigurationPlatforms) = postSolution
		{7D649A5E-5DCF-4219-802C-B006244FD9DD}.Debug|Any CPU.ActiveCfg = Debug|Any CPU
		{7D649A5E-5DCF-4219-802C-B006244FD9DD}.Debug|Any CPU.Build.0 = Debug|Any CPU
		{7D649A5E-5DCF-4219-802C-B006244FD9DD}.Debug|ARM64.ActiveCfg = Debug|Any CPU
		{7D649A5E-5DCF-4219-802C-B006244FD9DD}.Debug|ARM64.Build.0 = Debug|Any CPU
		{7D649A5E-5DCF-4219-802C-B006244FD9DD}.Debug|x64.ActiveCfg = Debug|Any CPU
		{7D649A5E-5DCF-4219-802C-B006244FD9DD}.Debug|x64.Build.0 = Debug|Any CPU
		{7D649A5E-5DCF-4219-802C-B006244FD9DD}.Debug|x86.ActiveCfg = Debug|Any CPU
		{7D649A5E-5DCF-4219-802C-B006244FD9DD}.Debug|x86.Build.0 = Debug|Any CPU
		{7D649A5E-5DCF-4219-802C-B006244FD9DD}.Release|Any CPU.ActiveCfg = Release|Any CPU
		{7D649A5E-5DCF-4219-802C-B006244FD9DD}.Release|Any CPU.Build.0 = Release|Any CPU
		{7D649A5E-5DCF-4219-802C-B006244FD9DD}.Release|ARM64.ActiveCfg = Release|Any CPU
		{7D649A5E-5DCF-4219-802C-B006244FD9DD}.Release|ARM64.Build.0 = Release|Any CPU
		{7D649A5E-5DCF-4219-802C-B006244FD9DD}.Release|x64.ActiveCfg = Release|Any CPU
		{7D649A5E-5DCF-4219-802C-B006244FD9DD}.Release|x64.Build.0 = Release|Any CPU
		{7D649A5E-5DCF-4219-802C-B006244FD9DD}.Release|x86.ActiveCfg = Release|Any CPU
		{7D649A5E-5DCF-4219-802C-B006244FD9DD}.Release|x86.Build.0 = Release|Any CPU
		{0424B4A9-FD63-4AB4-8A02-A7071BCE21DB}.Debug|Any CPU.ActiveCfg = Debug|x64
		{0424B4A9-FD63-4AB4-8A02-A7071BCE21DB}.Debug|Any CPU.Build.0 = Debug|x64
		{0424B4A9-FD63-4AB4-8A02-A7071BCE21DB}.Debug|ARM64.ActiveCfg = Debug|ARM64
		{0424B4A9-FD63-4AB4-8A02-A7071BCE21DB}.Debug|ARM64.Build.0 = Debug|ARM64
		{0424B4A9-FD63-4AB4-8A02-A7071BCE21DB}.Debug|x64.ActiveCfg = Debug|x64
		{0424B4A9-FD63-4AB4-8A02-A7071BCE21DB}.Debug|x64.Build.0 = Debug|x64
		{0424B4A9-FD63-4AB4-8A02-A7071BCE21DB}.Debug|x86.ActiveCfg = Debug|x86
		{0424B4A9-FD63-4AB4-8A02-A7071BCE21DB}.Debug|x86.Build.0 = Debug|x86
		{0424B4A9-FD63-4AB4-8A02-A7071BCE21DB}.Release|Any CPU.ActiveCfg = Release|x64
		{0424B4A9-FD63-4AB4-8A02-A7071BCE21DB}.Release|Any CPU.Build.0 = Release|x64
		{0424B4A9-FD63-4AB4-8A02-A7071BCE21DB}.Release|ARM64.ActiveCfg = Release|ARM64
		{0424B4A9-FD63-4AB4-8A02-A7071BCE21DB}.Release|ARM64.Build.0 = Release|ARM64
		{0424B4A9-FD63-4AB4-8A02-A7071BCE21DB}.Release|x64.ActiveCfg = Release|x64
		{0424B4A9-FD63-4AB4-8A02-A7071BCE21DB}.Release|x64.Build.0 = Release|x64
		{0424B4A9-FD63-4AB4-8A02-A7071BCE21DB}.Release|x86.ActiveCfg = Release|x86
		{0424B4A9-FD63-4AB4-8A02-A7071BCE21DB}.Release|x86.Build.0 = Release|x86
		{DDD92444-422C-49ED-A8ED-F1E86E351F6F}.Debug|Any CPU.ActiveCfg = Debug|Any CPU
		{DDD92444-422C-49ED-A8ED-F1E86E351F6F}.Debug|Any CPU.Build.0 = Debug|Any CPU
		{DDD92444-422C-49ED-A8ED-F1E86E351F6F}.Debug|ARM64.ActiveCfg = Debug|Any CPU
		{DDD92444-422C-49ED-A8ED-F1E86E351F6F}.Debug|ARM64.Build.0 = Debug|Any CPU
		{DDD92444-422C-49ED-A8ED-F1E86E351F6F}.Debug|x64.ActiveCfg = Debug|Any CPU
		{DDD92444-422C-49ED-A8ED-F1E86E351F6F}.Debug|x64.Build.0 = Debug|Any CPU
		{DDD92444-422C-49ED-A8ED-F1E86E351F6F}.Debug|x86.ActiveCfg = Debug|Any CPU
		{DDD92444-422C-49ED-A8ED-F1E86E351F6F}.Debug|x86.Build.0 = Debug|Any CPU
		{DDD92444-422C-49ED-A8ED-F1E86E351F6F}.Release|Any CPU.ActiveCfg = Release|Any CPU
		{DDD92444-422C-49ED-A8ED-F1E86E351F6F}.Release|Any CPU.Build.0 = Release|Any CPU
		{DDD92444-422C-49ED-A8ED-F1E86E351F6F}.Release|ARM64.ActiveCfg = Release|Any CPU
		{DDD92444-422C-49ED-A8ED-F1E86E351F6F}.Release|ARM64.Build.0 = Release|Any CPU
		{DDD92444-422C-49ED-A8ED-F1E86E351F6F}.Release|x64.ActiveCfg = Release|Any CPU
		{DDD92444-422C-49ED-A8ED-F1E86E351F6F}.Release|x64.Build.0 = Release|Any CPU
		{DDD92444-422C-49ED-A8ED-F1E86E351F6F}.Release|x86.ActiveCfg = Release|Any CPU
		{DDD92444-422C-49ED-A8ED-F1E86E351F6F}.Release|x86.Build.0 = Release|Any CPU
	EndGlobalSection
	GlobalSection(SolutionProperties) = preSolution
		HideSolutionNode = FALSE
	EndGlobalSection
	GlobalSection(ExtensibilityGlobals) = postSolution
		SolutionGuid = {591337FB-AF64-4C75-B1AE-6DB35799CAC8}
	EndGlobalSection
EndGlobal
